Microsoft Visual Studio Solution File, Format Version 10.00
# Visual Studio 2008

Project("{DF471F29-43F5-F1DB-0E43-23DCB39B2F39}") = "GameSimFall2016", "Assembly-CSharp-firstpass.csproj", "{80ED0375-1395-4A69-7E6E-BAB20C87C7E5}"
EndProject
Project("{DF471F29-43F5-F1DB-0E43-23DCB39B2F39}") = "GameSimFall2016", "Assembly-CSharp.csproj", "{6457132B-D3EF-C2DA-37F8-4A695995166E}"
EndProject
Global
	GlobalSection(SolutionConfigurationPlatforms) = preSolution
		Debug|Any CPU = Debug|Any CPU
		Release|Any CPU = Release|Any CPU
	EndGlobalSection
	GlobalSection(ProjectConfigurationPlatforms) = postSolution
		{80ED0375-1395-4A69-7E6E-BAB20C87C7E5}.Debug|Any CPU.ActiveCfg = Debug|Any CPU
		{80ED0375-1395-4A69-7E6E-BAB20C87C7E5}.Debug|Any CPU.Build.0 = Debug|Any CPU
		{80ED0375-1395-4A69-7E6E-BAB20C87C7E5}.Release|Any CPU.ActiveCfg = Release|Any CPU
		{80ED0375-1395-4A69-7E6E-BAB20C87C7E5}.Release|Any CPU.Build.0 = Release|Any CPU
		{6457132B-D3EF-C2DA-37F8-4A695995166E}.Debug|Any CPU.ActiveCfg = Debug|Any CPU
		{6457132B-D3EF-C2DA-37F8-4A695995166E}.Debug|Any CPU.Build.0 = Debug|Any CPU
		{6457132B-D3EF-C2DA-37F8-4A695995166E}.Release|Any CPU.ActiveCfg = Release|Any CPU
		{6457132B-D3EF-C2DA-37F8-4A695995166E}.Release|Any CPU.Build.0 = Release|Any CPU
	EndGlobalSection
	GlobalSection(SolutionProperties) = preSolution
		HideSolutionNode = FALSE
	EndGlobalSection
	GlobalSection(MonoDevelopProperties) = preSolution
		StartupItem = Assembly-CSharp.csproj
	EndGlobalSection
EndGlobal
